
Microsoft Visual Studio Solution File, Format Version 12.00
# Visual Studio Version 17
VisualStudioVersion = 17.11.35219.272
MinimumVisualStudioVersion = 10.0.40219.1
Project("{8BC9CEB8-8B4A-11D0-8D11-00A0C91BC942}") = "to do list 821 2159", "to do list 821 2159\to do list 821 2159.vcxproj", "{973695F0-8961-433B-BB9C-AEB7999C2A2C}"
EndProject
Global
	GlobalSection(SolutionConfigurationPlatforms) = preSolution
		Debug|x64 = Debug|x64
		Release|x64 = Release|x64
	EndGlobalSection
	GlobalSection(ProjectConfigurationPlatforms) = postSolution
		{973695F0-8961-433B-BB9C-AEB7999C2A2C}.Debug|x64.ActiveCfg = Debug|x64
		{973695F0-8961-433B-BB9C-AEB7999C2A2C}.Debug|x64.Build.0 = Debug|x64
		{973695F0-8961-433B-BB9C-AEB7999C2A2C}.Release|x64.ActiveCfg = Release|x64
		{973695F0-8961-433B-BB9C-AEB7999C2A2C}.Release|x64.Build.0 = Release|x64
	EndGlobalSection
	GlobalSection(SolutionProperties) = preSolution
		HideSolutionNode = FALSE
	EndGlobalSection
	GlobalSection(ExtensibilityGlobals) = postSolution
		SolutionGuid = {DD6A02EB-70A7-4567-8004-F24AB143396B}
	EndGlobalSection
EndGlobal
